// !$*UTF8*$!
{
	archiveVersion = 1;
	classes = {
	};
	objectVersion = 56;
	objects = {

/* Begin PBXBuildFile section */
		B2BD88C92A05D2EB00D1B875 /* TDDSampleApp.swift in Sources */ = {isa = PBXBuildFile; fileRef = B2BD88C82A05D2EB00D1B875 /* TDDSampleApp.swift */; };
		B2BD88CB2A05D2EB00D1B875 /* ContentView.swift in Sources */ = {isa = PBXBuildFile; fileRef = B2BD88CA2A05D2EB00D1B875 /* ContentView.swift */; };
		B2BD88CD2A05D2ED00D1B875 /* Assets.xcassets in Resources */ = {isa = PBXBuildFile; fileRef = B2BD88CC2A05D2ED00D1B875 /* Assets.xcassets */; };
		B2BD88D02A05D2ED00D1B875 /* Preview Assets.xcassets in Resources */ = {isa = PBXBuildFile; fileRef = B2BD88CF2A05D2ED00D1B875 /* Preview Assets.xcassets */; };
		B2BD88DA2A05D2EE00D1B875 /* TDDSampleTests.swift in Sources */ = {isa = PBXBuildFile; fileRef = B2BD88D92A05D2EE00D1B875 /* TDDSampleTests.swift */; };
		B2BD88E42A05D2EE00D1B875 /* TDDSampleUITests.swift in Sources */ = {isa = PBXBuildFile; fileRef = B2BD88E32A05D2EE00D1B875 /* TDDSampleUITests.swift */; };
		B2BD88E62A05D2EE00D1B875 /* TDDSampleUITestsLaunchTests.swift in Sources */ = {isa = PBXBuildFile; fileRef = B2BD88E52A05D2EE00D1B875 /* TDDSampleUITestsLaunchTests.swift */; };
/* End PBXBuildFile section */

/* Begin PBXContainerItemProxy section */
		B2BD88D62A05D2EE00D1B875 /* PBXContainerItemProxy */ = {
			isa = PBXContainerItemProxy;
			containerPortal = B2BD88BD2A05D2EB00D1B875 /* Project object */;
			proxyType = 1;
			remoteGlobalIDString = B2BD88C42A05D2EB00D1B875;
			remoteInfo = TDDSample;
		};
		B2BD88E02A05D2EE00D1B875 /* PBXContainerItemProxy */ = {
			isa = PBXContainerItemProxy;
			containerPortal = B2BD88BD2A05D2EB00D1B875 /* Project object */;
			proxyType = 1;
			remoteGlobalIDString = B2BD88C42A05D2EB00D1B875;
			remoteInfo = TDDSample;
		};
/* End PBXContainerItemProxy section */

/* Begin PBXFileReference section */
		B2BD88C52A05D2EB00D1B875 /* TDDSample.app */ = {isa = PBXFileReference; explicitFileType = wrapper.application; includeInIndex = 0; path = TDDSample.app; sourceTree = BUILT_PRODUCTS_DIR; };
		B2BD88C82A05D2EB00D1B875 /* TDDSampleApp.swift */ = {isa = PBXFileReference; lastKnownFileType = sourcecode.swift; path = TDDSampleApp.swift; sourceTree = "<group>"; };
		B2BD88CA2A05D2EB00D1B875 /* ContentView.swift */ = {isa = PBXFileReference; lastKnownFileType = sourcecode.swift; path = ContentView.swift; sourceTree = "<group>"; };
		B2BD88CC2A05D2ED00D1B875 /* Assets.xcassets */ = {isa = PBXFileReference; lastKnownFileType = folder.assetcatalog; path = Assets.xcassets; sourceTree = "<group>"; };
		B2BD88CF2A05D2ED00D1B875 /* Preview Assets.xcassets */ = {isa = PBXFileReference; lastKnownFileType = folder.assetcatalog; path = "Preview Assets.xcassets"; sourceTree = "<group>"; };
		B2BD88D52A05D2EE00D1B875 /* TDDSampleTests.xctest */ = {isa = PBXFileReference; explicitFileType = wrapper.cfbundle; includeInIndex = 0; path = TDDSampleTests.xctest; sourceTree = BUILT_PRODUCTS_DIR; };
		B2BD88D92A05D2EE00D1B875 /* TDDSampleTests.swift */ = {isa = PBXFileReference; lastKnownFileType = sourcecode.swift; path = TDDSampleTests.swift; sourceTree = "<group>"; };
		B2BD88DF2A05D2EE00D1B875 /* TDDSampleUITests.xctest */ = {isa = PBXFileReference; explicitFileType = wrapper.cfbundle; includeInIndex = 0; path = TDDSampleUITests.xctest; sourceTree = BUILT_PRODUCTS_DIR; };
		B2BD88E32A05D2EE00D1B875 /* TDDSampleUITests.swift */ = {isa = PBXFileReference; lastKnownFileType = sourcecode.swift; path = TDDSampleUITests.swift; sourceTree = "<group>"; };
		B2BD88E52A05D2EE00D1B875 /* TDDSampleUITestsLaunchTests.swift */ = {isa = PBXFileReference; lastKnownFileType = sourcecode.swift; path = TDDSampleUITestsLaunchTests.swift; sourceTree = "<group>"; };
/* End PBXFileReference section */

/* Begin PBXFrameworksBuildPhase section */
		B2BD88C22A05D2EB00D1B875 /* Frameworks */ = {
			isa = PBXFrameworksBuildPhase;
			buildActionMask = 2147483647;
			files = (
			);
			runOnlyForDeploymentPostprocessing = 0;
		};
		B2BD88D22A05D2EE00D1B875 /* Frameworks */ = {
			isa = PBXFrameworksBuildPhase;
			buildActionMask = 2147483647;
			files = (
			);
			runOnlyForDeploymentPostprocessing = 0;
		};
		B2BD88DC2A05D2EE00D1B875 /* Frameworks */ = {
			isa = PBXFrameworksBuildPhase;
			buildActionMask = 2147483647;
			files = (
			);
			runOnlyForDeploymentPostprocessing = 0;
		};
/* End PBXFrameworksBuildPhase section */

/* Begin PBXGroup section */
		B2BD88BC2A05D2EB00D1B875 = {
			isa = PBXGroup;
			children = (
				B2BD88C72A05D2EB00D1B875 /* TDDSample */,
				B2BD88D82A05D2EE00D1B875 /* TDDSampleTests */,
				B2BD88E22A05D2EE00D1B875 /* TDDSampleUITests */,
				B2BD88C62A05D2EB00D1B875 /* Products */,
			);
			sourceTree = "<group>";
		};
		B2BD88C62A05D2EB00D1B875 /* Products */ = {
			isa = PBXGroup;
			children = (
				B2BD88C52A05D2EB00D1B875 /* TDDSample.app */,
				B2BD88D52A05D2EE00D1B875 /* TDDSampleTests.xctest */,
				B2BD88DF2A05D2EE00D1B875 /* TDDSampleUITests.xctest */,
			);
			name = Products;
			sourceTree = "<group>";
		};
		B2BD88C72A05D2EB00D1B875 /* TDDSample */ = {
			isa = PBXGroup;
			children = (
				B2BD88C82A05D2EB00D1B875 /* TDDSampleApp.swift */,
				B2BD88CA2A05D2EB00D1B875 /* ContentView.swift */,
				B2BD88CC2A05D2ED00D1B875 /* Assets.xcassets */,
				B2BD88CE2A05D2ED00D1B875 /* Preview Content */,
			);
			path = TDDSample;
			sourceTree = "<group>";
		};
		B2BD88CE2A05D2ED00D1B875 /* Preview Content */ = {
			isa = PBXGroup;
			children = (
				B2BD88CF2A05D2ED00D1B875 /* Preview Assets.xcassets */,
			);
			path = "Preview Content";
			sourceTree = "<group>";
		};
		B2BD88D82A05D2EE00D1B875 /* TDDSampleTests */ = {
			isa = PBXGroup;
			children = (
				B2BD88D92A05D2EE00D1B875 /* TDDSampleTests.swift */,
			);
			path = TDDSampleTests;
			sourceTree = "<group>";
		};
		B2BD88E22A05D2EE00D1B875 /* TDDSampleUITests */ = {
			isa = PBXGroup;
			children = (
				B2BD88E32A05D2EE00D1B875 /* TDDSampleUITests.swift */,
				B2BD88E52A05D2EE00D1B875 /* TDDSampleUITestsLaunchTests.swift */,
			);
			path = TDDSampleUITests;
			sourceTree = "<group>";
		};
/* End PBXGroup section */

/* Begin PBXNativeTarget section */
		B2BD88C42A05D2EB00D1B875 /* TDDSample */ = {
			isa = PBXNativeTarget;
			buildConfigurationList = B2BD88E92A05D2EE00D1B875 /* Build configuration list for PBXNativeTarget "TDDSample" */;
			buildPhases = (
				B2BD88C12A05D2EB00D1B875 /* Sources */,
				B2BD88C22A05D2EB00D1B875 /* Frameworks */,
				B2BD88C32A05D2EB00D1B875 /* Resources */,
			);
			buildRules = (
			);
			dependencies = (
			);
			name = TDDSample;
			productName = TDDSample;
			productReference = B2BD88C52A05D2EB00D1B875 /* TDDSample.app */;
			productType = "com.apple.product-type.application";
		};
		B2BD88D42A05D2EE00D1B875 /* TDDSampleTests */ = {
			isa = PBXNativeTarget;
			buildConfigurationList = B2BD88EC2A05D2EE00D1B875 /* Build configuration list for PBXNativeTarget "TDDSampleTests" */;
			buildPhases = (
				B2BD88D12A05D2EE00D1B875 /* Sources */,
				B2BD88D22A05D2EE00D1B875 /* Frameworks */,
				B2BD88D32A05D2EE00D1B875 /* Resources */,
			);
			buildRules = (
			);
			dependencies = (
				B2BD88D72A05D2EE00D1B875 /* PBXTargetDependency */,
			);
			name = TDDSampleTests;
			productName = TDDSampleTests;
			productReference = B2BD88D52A05D2EE00D1B875 /* TDDSampleTests.xctest */;
			productType = "com.apple.product-type.bundle.unit-test";
		};
		B2BD88DE2A05D2EE00D1B875 /* TDDSampleUITests */ = {
			isa = PBXNativeTarget;
			buildConfigurationList = B2BD88EF2A05D2EE00D1B875 /* Build configuration list for PBXNativeTarget "TDDSampleUITests" */;
			buildPhases = (
				B2BD88DB2A05D2EE00D1B875 /* Sources */,
				B2BD88DC2A05D2EE00D1B875 /* Frameworks */,
				B2BD88DD2A05D2EE00D1B875 /* Resources */,
			);
			buildRules = (
			);
			dependencies = (
				B2BD88E12A05D2EE00D1B875 /* PBXTargetDependency */,
			);
			name = TDDSampleUITests;
			productName = TDDSampleUITests;
			productReference = B2BD88DF2A05D2EE00D1B875 /* TDDSampleUITests.xctest */;
			productType = "com.apple.product-type.bundle.ui-testing";
		};
/* End PBXNativeTarget section */

/* Begin PBXProject section */
		B2BD88BD2A05D2EB00D1B875 /* Project object */ = {
			isa = PBXProject;
			attributes = {
				BuildIndependentTargetsInParallel = 1;
				LastSwiftUpdateCheck = 1420;
				LastUpgradeCheck = 1420;
				TargetAttributes = {
					B2BD88C42A05D2EB00D1B875 = {
						CreatedOnToolsVersion = 14.2;
					};
					B2BD88D42A05D2EE00D1B875 = {
						CreatedOnToolsVersion = 14.2;
						TestTargetID = B2BD88C42A05D2EB00D1B875;
					};
					B2BD88DE2A05D2EE00D1B875 = {
						CreatedOnToolsVersion = 14.2;
						TestTargetID = B2BD88C42A05D2EB00D1B875;
					};
				};
			};
			buildConfigurationList = B2BD88C02A05D2EB00D1B875 /* Build configuration list for PBXProject "TDDSample" */;
			compatibilityVersion = "Xcode 14.0";
			developmentRegion = en;
			hasScannedForEncodings = 0;
			knownRegions = (
				en,
				Base,
			);
			mainGroup = B2BD88BC2A05D2EB00D1B875;
			productRefGroup = B2BD88C62A05D2EB00D1B875 /* Products */;
			projectDirPath = "";
			projectRoot = "";
			targets = (
				B2BD88C42A05D2EB00D1B875 /* TDDSample */,
				B2BD88D42A05D2EE00D1B875 /* TDDSampleTests */,
				B2BD88DE2A05D2EE00D1B875 /* TDDSampleUITests */,
			);
		};
/* End PBXProject section */

/* Begin PBXResourcesBuildPhase section */
		B2BD88C32A05D2EB00D1B875 /* Resources */ = {
			isa = PBXResourcesBuildPhase;
			buildActionMask = 2147483647;
			files = (
				B2BD88D02A05D2ED00D1B875 /* Preview Assets.xcassets in Resources */,
				B2BD88CD2A05D2ED00D1B875 /* Assets.xcassets in Resources */,
			);
			runOnlyForDeploymentPostprocessing = 0;
		};
		B2BD88D32A05D2EE00D1B875 /* Resources */ = {
			isa = PBXResourcesBuildPhase;
			buildActionMask = 2147483647;
			files = (
			);
			runOnlyForDeploymentPostprocessing = 0;
		};
		B2BD88DD2A05D2EE00D1B875 /* Resources */ = {
			isa = PBXResourcesBuildPhase;
			buildActionMask = 2147483647;
			files = (
			);
			runOnlyForDeploymentPostprocessing = 0;
		};
/* End PBXResourcesBuildPhase section */

/* Begin PBXSourcesBuildPhase section */
		B2BD88C12A05D2EB00D1B875 /* Sources */ = {
			isa = PBXSourcesBuildPhase;
			buildActionMask = 2147483647;
			files = (
				B2BD88CB2A05D2EB00D1B875 /* ContentView.swift in Sources */,
				B2BD88C92A05D2EB00D1B875 /* TDDSampleApp.swift in Sources */,
			);
			runOnlyForDeploymentPostprocessing = 0;
		};
		B2BD88D12A05D2EE00D1B875 /* Sources */ = {
			isa = PBXSourcesBuildPhase;
			buildActionMask = 2147483647;
			files = (
				B2BD88DA2A05D2EE00D1B875 /* TDDSampleTests.swift in Sources */,
			);
			runOnlyForDeploymentPostprocessing = 0;
		};
		B2BD88DB2A05D2EE00D1B875 /* Sources */ = {
			isa = PBXSourcesBuildPhase;
			buildActionMask = 2147483647;
			files = (
				B2BD88E42A05D2EE00D1B875 /* TDDSampleUITests.swift in Sources */,
				B2BD88E62A05D2EE00D1B875 /* TDDSampleUITestsLaunchTests.swift in Sources */,
			);
			runOnlyForDeploymentPostprocessing = 0;
		};
/* End PBXSourcesBuildPhase section */

/* Begin PBXTargetDependency section */
		B2BD88D72A05D2EE00D1B875 /* PBXTargetDependency */ = {
			isa = PBXTargetDependency;
			target = B2BD88C42A05D2EB00D1B875 /* TDDSample */;
			targetProxy = B2BD88D62A05D2EE00D1B875 /* PBXContainerItemProxy */;
		};
		B2BD88E12A05D2EE00D1B875 /* PBXTargetDependency */ = {
			isa = PBXTargetDependency;
			target = B2BD88C42A05D2EB00D1B875 /* TDDSample */;
			targetProxy = B2BD88E02A05D2EE00D1B875 /* PBXContainerItemProxy */;
		};
/* End PBXTargetDependency section */

/* Begin XCBuildConfiguration section */
		B2BD88E72A05D2EE00D1B875 /* Debug */ = {
			isa = XCBuildConfiguration;
			buildSettings = {
				ALWAYS_SEARCH_USER_PATHS = NO;
				CLANG_ANALYZER_NONNULL = YES;
				CLANG_ANALYZER_NUMBER_OBJECT_CONVERSION = YES_AGGRESSIVE;
				CLANG_CXX_LANGUAGE_STANDARD = "gnu++20";
				CLANG_ENABLE_MODULES = YES;
				CLANG_ENABLE_OBJC_ARC = YES;
				CLANG_ENABLE_OBJC_WEAK = YES;
				CLANG_WARN_BLOCK_CAPTURE_AUTORELEASING = YES;
				CLANG_WARN_BOOL_CONVERSION = YES;
				CLANG_WARN_COMMA = YES;
				CLANG_WARN_CONSTANT_CONVERSION = YES;
				CLANG_WARN_DEPRECATED_OBJC_IMPLEMENTATIONS = YES;
				CLANG_WARN_DIRECT_OBJC_ISA_USAGE = YES_ERROR;
				CLANG_WARN_DOCUMENTATION_COMMENTS = YES;
				CLANG_WARN_EMPTY_BODY = YES;
				CLANG_WARN_ENUM_CONVERSION = YES;
				CLANG_WARN_INFINITE_RECURSION = YES;
				CLANG_WARN_INT_CONVERSION = YES;
				CLANG_WARN_NON_LITERAL_NULL_CONVERSION = YES;
				CLANG_WARN_OBJC_IMPLICIT_RETAIN_SELF = YES;
				CLANG_WARN_OBJC_LITERAL_CONVERSION = YES;
				CLANG_WARN_OBJC_ROOT_CLASS = YES_ERROR;
				CLANG_WARN_QUOTED_INCLUDE_IN_FRAMEWORK_HEADER = YES;
				CLANG_WARN_RANGE_LOOP_ANALYSIS = YES;
				CLANG_WARN_STRICT_PROTOTYPES = YES;
				CLANG_WARN_SUSPICIOUS_MOVE = YES;
				CLANG_WARN_UNGUARDED_AVAILABILITY = YES_AGGRESSIVE;
				CLANG_WARN_UNREACHABLE_CODE = YES;
				CLANG_WARN__DUPLICATE_METHOD_MATCH = YES;
				COPY_PHASE_STRIP = NO;
				DEBUG_INFORMATION_FORMAT = dwarf;
				ENABLE_STRICT_OBJC_MSGSEND = YES;
				ENABLE_TESTABILITY = YES;
				GCC_C_LANGUAGE_STANDARD = gnu11;
				GCC_DYNAMIC_NO_PIC = NO;
				GCC_NO_COMMON_BLOCKS = YES;
				GCC_OPTIMIZATION_LEVEL = 0;
				GCC_PREPROCESSOR_DEFINITIONS = (
					"DEBUG=1",
					"$(inherited)",
				);
				GCC_WARN_64_TO_32_BIT_CONVERSION = YES;
				GCC_WARN_ABOUT_RETURN_TYPE = YES_ERROR;
				GCC_WARN_UNDECLARED_SELECTOR = YES;
				GCC_WARN_UNINITIALIZED_AUTOS = YES_AGGRESSIVE;
				GCC_WARN_UNUSED_FUNCTION = YES;
				GCC_WARN_UNUSED_VARIABLE = YES;
				IPHONEOS_DEPLOYMENT_TARGET = 16.2;
				MTL_ENABLE_DEBUG_INFO = INCLUDE_SOURCE;
				MTL_FAST_MATH = YES;
				ONLY_ACTIVE_ARCH = YES;
				SDKROOT = iphoneos;
				SWIFT_ACTIVE_COMPILATION_CONDITIONS = DEBUG;
				SWIFT_OPTIMIZATION_LEVEL = "-Onone";
			};
			name = Debug;
		};
		B2BD88E82A05D2EE00D1B875 /* Release */ = {
			isa = XCBuildConfiguration;
			buildSettings = {
				ALWAYS_SEARCH_USER_PATHS = NO;
				CLANG_ANALYZER_NONNULL = YES;
				CLANG_ANALYZER_NUMBER_OBJECT_CONVERSION = YES_AGGRESSIVE;
				CLANG_CXX_LANGUAGE_STANDARD = "gnu++20";
				CLANG_ENABLE_MODULES = YES;
				CLANG_ENABLE_OBJC_ARC = YES;
				CLANG_ENABLE_OBJC_WEAK = YES;
				CLANG_WARN_BLOCK_CAPTURE_AUTORELEASING = YES;
				CLANG_WARN_BOOL_CONVERSION = YES;
				CLANG_WARN_COMMA = YES;
				CLANG_WARN_CONSTANT_CONVERSION = YES;
				CLANG_WARN_DEPRECATED_OBJC_IMPLEMENTATIONS = YES;
				CLANG_WARN_DIRECT_OBJC_ISA_USAGE = YES_ERROR;
				CLANG_WARN_DOCUMENTATION_COMMENTS = YES;
				CLANG_WARN_EMPTY_BODY = YES;
				CLANG_WARN_ENUM_CONVERSION = YES;
				CLANG_WARN_INFINITE_RECURSION = YES;
				CLANG_WARN_INT_CONVERSION = YES;
				CLANG_WARN_NON_LITERAL_NULL_CONVERSION = YES;
				CLANG_WARN_OBJC_IMPLICIT_RETAIN_SELF = YES;
				CLANG_WARN_OBJC_LITERAL_CONVERSION = YES;
				CLANG_WARN_OBJC_ROOT_CLASS = YES_ERROR;
				CLANG_WARN_QUOTED_INCLUDE_IN_FRAMEWORK_HEADER = YES;
				CLANG_WARN_RANGE_LOOP_ANALYSIS = YES;
				CLANG_WARN_STRICT_PROTOTYPES = YES;
				CLANG_WARN_SUSPICIOUS_MOVE = YES;
				CLANG_WARN_UNGUARDED_AVAILABILITY = YES_AGGRESSIVE;
				CLANG_WARN_UNREACHABLE_CODE = YES;
				CLANG_WARN__DUPLICATE_METHOD_MATCH = YES;
				COPY_PHASE_STRIP = NO;
				DEBUG_INFORMATION_FORMAT = "dwarf-with-dsym";
				ENABLE_NS_ASSERTIONS = NO;
				ENABLE_STRICT_OBJC_MSGSEND = YES;
				GCC_C_LANGUAGE_STANDARD = gnu11;
				GCC_NO_COMMON_BLOCKS = YES;
				GCC_WARN_64_TO_32_BIT_CONVERSION = YES;
				GCC_WARN_ABOUT_RETURN_TYPE = YES_ERROR;
				GCC_WARN_UNDECLARED_SELECTOR = YES;
				GCC_WARN_UNINITIALIZED_AUTOS = YES_AGGRESSIVE;
				GCC_WARN_UNUSED_FUNCTION = YES;
				GCC_WARN_UNUSED_VARIABLE = YES;
				IPHONEOS_DEPLOYMENT_TARGET = 16.2;
				MTL_ENABLE_DEBUG_INFO = NO;
				MTL_FAST_MATH = YES;
				SDKROOT = iphoneos;
				SWIFT_COMPILATION_MODE = wholemodule;
				SWIFT_OPTIMIZATION_LEVEL = "-O";
				VALIDATE_PRODUCT = YES;
			};
			name = Release;
		};
		B2BD88EA2A05D2EE00D1B875 /* Debug */ = {
			isa = XCBuildConfiguration;
			buildSettings = {
				ASSETCATALOG_COMPILER_APPICON_NAME = AppIcon;
				ASSETCATALOG_COMPILER_GLOBAL_ACCENT_COLOR_NAME = AccentColor;
				CODE_SIGN_STYLE = Automatic;
				CURRENT_PROJECT_VERSION = 1;
				DEVELOPMENT_ASSET_PATHS = "\"TDDSample/Preview Content\"";
				DEVELOPMENT_TEAM = DJ7VR35KC8;
				ENABLE_PREVIEWS = YES;
				GENERATE_INFOPLIST_FILE = YES;
				INFOPLIST_KEY_UIApplicationSceneManifest_Generation = YES;
				INFOPLIST_KEY_UIApplicationSupportsIndirectInputEvents = YES;
				INFOPLIST_KEY_UILaunchScreen_Generation = YES;
				INFOPLIST_KEY_UISupportedInterfaceOrientations_iPad = "UIInterfaceOrientationPortrait UIInterfaceOrientationPortraitUpsideDown UIInterfaceOrientationLandscapeLeft UIInterfaceOrientationLandscapeRight";
				INFOPLIST_KEY_UISupportedInterfaceOrientations_iPhone = "UIInterfaceOrientationPortrait UIInterfaceOrientationLandscapeLeft UIInterfaceOrientationLandscapeRight";
				LD_RUNPATH_SEARCH_PATHS = (
					"$(inherited)",
					"@executable_path/Frameworks",
				);
				MARKETING_VERSION = 1.0;
				PRODUCT_BUNDLE_IDENTIFIER = com.muranaka.TDDSample;
				PRODUCT_NAME = "$(TARGET_NAME)";
				SWIFT_EMIT_LOC_STRINGS = YES;
				SWIFT_VERSION = 5.0;
				TARGETED_DEVICE_FAMILY = "1,2";
			};
			name = Debug;
		};
		B2BD88EB2A05D2EE00D1B875 /* Release */ = {
			isa = XCBuildConfiguration;
			buildSettings = {
				ASSETCATALOG_COMPILER_APPICON_NAME = AppIcon;
				ASSETCATALOG_COMPILER_GLOBAL_ACCENT_COLOR_NAME = AccentColor;
				CODE_SIGN_STYLE = Automatic;
				CURRENT_PROJECT_VERSION = 1;
				DEVELOPMENT_ASSET_PATHS = "\"TDDSample/Preview Content\"";
				DEVELOPMENT_TEAM = DJ7VR35KC8;
				ENABLE_PREVIEWS = YES;
				GENERATE_INFOPLIST_FILE = YES;
				INFOPLIST_KEY_UIApplicationSceneManifest_Generation = YES;
				INFOPLIST_KEY_UIApplicationSupportsIndirectInputEvents = YES;
				INFOPLIST_KEY_UILaunchScreen_Generation = YES;
				INFOPLIST_KEY_UISupportedInterfaceOrientations_iPad = "UIInterfaceOrientationPortrait UIInterfaceOrientationPortraitUpsideDown UIInterfaceOrientationLandscapeLeft UIInterfaceOrientationLandscapeRight";
				INFOPLIST_KEY_UISupportedInterfaceOrientations_iPhone = "UIInterfaceOrientationPortrait UIInterfaceOrientationLandscapeLeft UIInterfaceOrientationLandscapeRight";
				LD_RUNPATH_SEARCH_PATHS = (
					"$(inherited)",
					"@executable_path/Frameworks",
				);
				MARKETING_VERSION = 1.0;
				PRODUCT_BUNDLE_IDENTIFIER = com.muranaka.TDDSample;
				PRODUCT_NAME = "$(TARGET_NAME)";
				SWIFT_EMIT_LOC_STRINGS = YES;
				SWIFT_VERSION = 5.0;
				TARGETED_DEVICE_FAMILY = "1,2";
			};
			name = Release;
		};
		B2BD88ED2A05D2EE00D1B875 /* Debug */ = {
			isa = XCBuildConfiguration;
			buildSettings = {
				ALWAYS_EMBED_SWIFT_STANDARD_LIBRARIES = YES;
				BUNDLE_LOADER = "$(TEST_HOST)";
				CODE_SIGN_STYLE = Automatic;
				CURRENT_PROJECT_VERSION = 1;
				DEVELOPMENT_TEAM = DJ7VR35KC8;
				GENERATE_INFOPLIST_FILE = YES;
				IPHONEOS_DEPLOYMENT_TARGET = 16.2;
				MARKETING_VERSION = 1.0;
				PRODUCT_BUNDLE_IDENTIFIER = com.muranaka.TDDSampleTests;
				PRODUCT_NAME = "$(TARGET_NAME)";
				SWIFT_EMIT_LOC_STRINGS = NO;
				SWIFT_VERSION = 5.0;
				TARGETED_DEVICE_FAMILY = "1,2";
				TEST_HOST = "$(BUILT_PRODUCTS_DIR)/TDDSample.app/$(BUNDLE_EXECUTABLE_FOLDER_PATH)/TDDSample";
			};
			name = Debug;
		};
		B2BD88EE2A05D2EE00D1B875 /* Release */ = {
			isa = XCBuildConfiguration;
			buildSettings = {
				ALWAYS_EMBED_SWIFT_STANDARD_LIBRARIES = YES;
				BUNDLE_LOADER = "$(TEST_HOST)";
				CODE_SIGN_STYLE = Automatic;
				CURRENT_PROJECT_VERSION = 1;
				DEVELOPMENT_TEAM = DJ7VR35KC8;
				GENERATE_INFOPLIST_FILE = YES;
				IPHONEOS_DEPLOYMENT_TARGET = 16.2;
				MARKETING_VERSION = 1.0;
				PRODUCT_BUNDLE_IDENTIFIER = com.muranaka.TDDSampleTests;
				PRODUCT_NAME = "$(TARGET_NAME)";
				SWIFT_EMIT_LOC_STRINGS = NO;
				SWIFT_VERSION = 5.0;
				TARGETED_DEVICE_FAMILY = "1,2";
				TEST_HOST = "$(BUILT_PRODUCTS_DIR)/TDDSample.app/$(BUNDLE_EXECUTABLE_FOLDER_PATH)/TDDSample";
			};
			name = Release;
		};
		B2BD88F02A05D2EE00D1B875 /* Debug */ = {
			isa = XCBuildConfiguration;
			buildSettings = {
				ALWAYS_EMBED_SWIFT_STANDARD_LIBRARIES = YES;
				CODE_SIGN_STYLE = Automatic;
				CURRENT_PROJECT_VERSION = 1;
				DEVELOPMENT_TEAM = DJ7VR35KC8;
				GENERATE_INFOPLIST_FILE = YES;
				MARKETING_VERSION = 1.0;
				PRODUCT_BUNDLE_IDENTIFIER = com.muranaka.TDDSampleUITests;
				PRODUCT_NAME = "$(TARGET_NAME)";
				SWIFT_EMIT_LOC_STRINGS = NO;
				SWIFT_VERSION = 5.0;
				TARGETED_DEVICE_FAMILY = "1,2";
				TEST_TARGET_NAME = TDDSample;
			};
			name = Debug;
		};
		B2BD88F12A05D2EE00D1B875 /* Release */ = {
			isa = XCBuildConfiguration;
			buildSettings = {
				ALWAYS_EMBED_SWIFT_STANDARD_LIBRARIES = YES;
				CODE_SIGN_STYLE = Automatic;
				CURRENT_PROJECT_VERSION = 1;
				DEVELOPMENT_TEAM = DJ7VR35KC8;
				GENERATE_INFOPLIST_FILE = YES;
				MARKETING_VERSION = 1.0;
				PRODUCT_BUNDLE_IDENTIFIER = com.muranaka.TDDSampleUITests;
				PRODUCT_NAME = "$(TARGET_NAME)";
				SWIFT_EMIT_LOC_STRINGS = NO;
				SWIFT_VERSION = 5.0;
				TARGETED_DEVICE_FAMILY = "1,2";
				TEST_TARGET_NAME = TDDSample;
			};
			name = Release;
		};
/* End XCBuildConfiguration section */

/* Begin XCConfigurationList section */
		B2BD88C02A05D2EB00D1B875 /* Build configuration list for PBXProject "TDDSample" */ = {
			isa = XCConfigurationList;
			buildConfigurations = (
				B2BD88E72A05D2EE00D1B875 /* Debug */,
				B2BD88E82A05D2EE00D1B875 /* Release */,
			);
			defaultConfigurationIsVisible = 0;
			defaultConfigurationName = Release;
		};
		B2BD88E92A05D2EE00D1B875 /* Build configuration list for PBXNativeTarget "TDDSample" */ = {
			isa = XCConfigurationList;
			buildConfigurations = (
				B2BD88EA2A05D2EE00D1B875 /* Debug */,
				B2BD88EB2A05D2EE00D1B875 /* Release */,
			);
			defaultConfigurationIsVisible = 0;
			defaultConfigurationName = Release;
		};
		B2BD88EC2A05D2EE00D1B875 /* Build configuration list for PBXNativeTarget "TDDSampleTests" */ = {
			isa = XCConfigurationList;
			buildConfigurations = (
				B2BD88ED2A05D2EE00D1B875 /* Debug */,
				B2BD88EE2A05D2EE00D1B875 /* Release */,
			);
			defaultConfigurationIsVisible = 0;
			defaultConfigurationName = Release;
		};
		B2BD88EF2A05D2EE00D1B875 /* Build configuration list for PBXNativeTarget "TDDSampleUITests" */ = {
			isa = XCConfigurationList;
			buildConfigurations = (
				B2BD88F02A05D2EE00D1B875 /* Debug */,
				B2BD88F12A05D2EE00D1B875 /* Release */,
			);
			defaultConfigurationIsVisible = 0;
			defaultConfigurationName = Release;
		};
/* End XCConfigurationList section */
	};
	rootObject = B2BD88BD2A05D2EB00D1B875 /* Project object */;
}
